
Microsoft Visual Studio Solution File, Format Version 12.00
# Visual Studio Version 16
VisualStudioVersion = 16.0.29806.167
MinimumVisualStudioVersion = 10.0.40219.1
Project("{2150E333-8FDC-42A3-9474-1A3956D46DE8}") = "Providers", "Providers", "{1EADF3E7-8787-43BF-BB05-F47F9CD279B4}"
EndProject
Project("{2150E333-8FDC-42A3-9474-1A3956D46DE8}") = "Rico", "Rico", "{8D7B2062-AE5E-4C31-B1F4-03F89BBA31BE}"
EndProject
Project("{9A19103F-16F7-4668-BE54-9A1E7A4F7556}") = "InvestmentHub.Providers.Rico", "Providers\Rico\InvestmentHub.Providers.Rico\InvestmentHub.Providers.Rico.csproj", "{B7771BB5-A5BE-4B66-A18C-9227B675FDF3}"
EndProject
Project("{9A19103F-16F7-4668-BE54-9A1E7A4F7556}") = "InvestmentHub.Providers.Models.Rico", "Providers\Rico\InvestmentHub.Providers.Models.Rico\InvestmentHub.Providers.Models.Rico.csproj", "{3E2A583C-D24C-4595-8CA1-8AF080AF99FE}"
EndProject
Project("{9A19103F-16F7-4668-BE54-9A1E7A4F7556}") = "InvestmentHub.Providers", "Providers\InvestmentHub.Providers\InvestmentHub.Providers.csproj", "{047FEF8E-F3F2-4D41-9C4F-C0A13080669C}"
EndProject
Project("{2150E333-8FDC-42A3-9474-1A3956D46DE8}") = "Nubank", "Nubank", "{222385C0-8F16-461A-A01E-BF3AA424D0E6}"
EndProject
Project("{9A19103F-16F7-4668-BE54-9A1E7A4F7556}") = "InvestmentHub.Models", "InvestmentHub.Models\InvestmentHub.Models.csproj", "{00F326D0-79FE-4EA0-88F4-D6C472D4CB75}"
EndProject
Project("{9A19103F-16F7-4668-BE54-9A1E7A4F7556}") = "InvestmentHub.ServerApplication", "InvestmentHub.ServerApplication\InvestmentHub.ServerApplication.csproj", "{B12E23B7-D8BE-4DC1-8F8D-7DCA58BB835B}"
EndProject
Project("{FAE04EC0-301F-11D3-BF4B-00C04F79EFBC}") = "InvestmentHub.Providers.Models.Nubank", "Providers\Nubank\InvestmentHub.Providers.Models.Nubank\InvestmentHub.Providers.Models.Nubank.csproj", "{93184565-AC49-467C-BD01-34103E5EC0BE}"
EndProject
Project("{FAE04EC0-301F-11D3-BF4B-00C04F79EFBC}") = "InvestmentHub.Providers.Nubank", "Providers\Nubank\InvestmentHub.Providers.Nubank\InvestmentHub.Providers.Nubank.csproj", "{6C19B158-0263-43DC-9CAF-26379FFB1872}"
EndProject
Global
	GlobalSection(SolutionConfigurationPlatforms) = preSolution
		Debug|Any CPU = Debug|Any CPU
		Release|Any CPU = Release|Any CPU
	EndGlobalSection
	GlobalSection(ProjectConfigurationPlatforms) = postSolution
		{B7771BB5-A5BE-4B66-A18C-9227B675FDF3}.Debug|Any CPU.ActiveCfg = Debug|Any CPU
		{B7771BB5-A5BE-4B66-A18C-9227B675FDF3}.Debug|Any CPU.Build.0 = Debug|Any CPU
		{B7771BB5-A5BE-4B66-A18C-9227B675FDF3}.Release|Any CPU.ActiveCfg = Release|Any CPU
		{B7771BB5-A5BE-4B66-A18C-9227B675FDF3}.Release|Any CPU.Build.0 = Release|Any CPU
		{3E2A583C-D24C-4595-8CA1-8AF080AF99FE}.Debug|Any CPU.ActiveCfg = Debug|Any CPU
		{3E2A583C-D24C-4595-8CA1-8AF080AF99FE}.Debug|Any CPU.Build.0 = Debug|Any CPU
		{3E2A583C-D24C-4595-8CA1-8AF080AF99FE}.Release|Any CPU.ActiveCfg = Release|Any CPU
		{3E2A583C-D24C-4595-8CA1-8AF080AF99FE}.Release|Any CPU.Build.0 = Release|Any CPU
		{047FEF8E-F3F2-4D41-9C4F-C0A13080669C}.Debug|Any CPU.ActiveCfg = Debug|Any CPU
		{047FEF8E-F3F2-4D41-9C4F-C0A13080669C}.Debug|Any CPU.Build.0 = Debug|Any CPU
		{047FEF8E-F3F2-4D41-9C4F-C0A13080669C}.Release|Any CPU.ActiveCfg = Release|Any CPU
		{047FEF8E-F3F2-4D41-9C4F-C0A13080669C}.Release|Any CPU.Build.0 = Release|Any CPU
		{00F326D0-79FE-4EA0-88F4-D6C472D4CB75}.Debug|Any CPU.ActiveCfg = Debug|Any CPU
		{00F326D0-79FE-4EA0-88F4-D6C472D4CB75}.Debug|Any CPU.Build.0 = Debug|Any CPU
		{00F326D0-79FE-4EA0-88F4-D6C472D4CB75}.Release|Any CPU.ActiveCfg = Release|Any CPU
		{00F326D0-79FE-4EA0-88F4-D6C472D4CB75}.Release|Any CPU.Build.0 = Release|Any CPU
		{B12E23B7-D8BE-4DC1-8F8D-7DCA58BB835B}.Debug|Any CPU.ActiveCfg = Debug|Any CPU
		{B12E23B7-D8BE-4DC1-8F8D-7DCA58BB835B}.Debug|Any CPU.Build.0 = Debug|Any CPU
		{B12E23B7-D8BE-4DC1-8F8D-7DCA58BB835B}.Release|Any CPU.ActiveCfg = Release|Any CPU
		{B12E23B7-D8BE-4DC1-8F8D-7DCA58BB835B}.Release|Any CPU.Build.0 = Release|Any CPU
		{93184565-AC49-467C-BD01-34103E5EC0BE}.Debug|Any CPU.ActiveCfg = Debug|Any CPU
		{93184565-AC49-467C-BD01-34103E5EC0BE}.Debug|Any CPU.Build.0 = Debug|Any CPU
		{93184565-AC49-467C-BD01-34103E5EC0BE}.Release|Any CPU.ActiveCfg = Release|Any CPU
		{93184565-AC49-467C-BD01-34103E5EC0BE}.Release|Any CPU.Build.0 = Release|Any CPU
		{6C19B158-0263-43DC-9CAF-26379FFB1872}.Debug|Any CPU.ActiveCfg = Debug|Any CPU
		{6C19B158-0263-43DC-9CAF-26379FFB1872}.Debug|Any CPU.Build.0 = Debug|Any CPU
		{6C19B158-0263-43DC-9CAF-26379FFB1872}.Release|Any CPU.ActiveCfg = Release|Any CPU
		{6C19B158-0263-43DC-9CAF-26379FFB1872}.Release|Any CPU.Build.0 = Release|Any CPU
	EndGlobalSection
	GlobalSection(SolutionProperties) = preSolution
		HideSolutionNode = FALSE
	EndGlobalSection
	GlobalSection(NestedProjects) = preSolution
		{8D7B2062-AE5E-4C31-B1F4-03F89BBA31BE} = {1EADF3E7-8787-43BF-BB05-F47F9CD279B4}
		{B7771BB5-A5BE-4B66-A18C-9227B675FDF3} = {8D7B2062-AE5E-4C31-B1F4-03F89BBA31BE}
		{3E2A583C-D24C-4595-8CA1-8AF080AF99FE} = {8D7B2062-AE5E-4C31-B1F4-03F89BBA31BE}
		{047FEF8E-F3F2-4D41-9C4F-C0A13080669C} = {1EADF3E7-8787-43BF-BB05-F47F9CD279B4}
		{222385C0-8F16-461A-A01E-BF3AA424D0E6} = {1EADF3E7-8787-43BF-BB05-F47F9CD279B4}
		{93184565-AC49-467C-BD01-34103E5EC0BE} = {222385C0-8F16-461A-A01E-BF3AA424D0E6}
		{6C19B158-0263-43DC-9CAF-26379FFB1872} = {222385C0-8F16-461A-A01E-BF3AA424D0E6}
	EndGlobalSection
	GlobalSection(ExtensibilityGlobals) = postSolution
		SolutionGuid = {70C53D03-F56B-465D-BC43-0386B1305CDA}
	EndGlobalSection
EndGlobal
